// !$*UTF8*$!
{
	archiveVersion = 1;
	classes = {
	};
	objectVersion = 46;
	objects = {

/* Begin PBXBuildFile section */
		68A35B491F318018001BCBE4 /* main.m in Sources */ = {isa = PBXBuildFile; fileRef = 68A35B481F318018001BCBE4 /* main.m */; };
		68A35B4C1F318018001BCBE4 /* AppDelegate.m in Sources */ = {isa = PBXBuildFile; fileRef = 68A35B4B1F318018001BCBE4 /* AppDelegate.m */; };
		68A35B4E1F318018001BCBE4 /* Assets.xcassets in Resources */ = {isa = PBXBuildFile; fileRef = 68A35B4D1F318018001BCBE4 /* Assets.xcassets */; };
		68A35B511F318018001BCBE4 /* LaunchScreen.storyboard in Resources */ = {isa = PBXBuildFile; fileRef = 68A35B4F1F318018001BCBE4 /* LaunchScreen.storyboard */; };
		68A35B5A1F318029001BCBE4 /* MainViewController.m in Sources */ = {isa = PBXBuildFile; fileRef = 68A35B591F318029001BCBE4 /* MainViewController.m */; };
		68B3711C1F341BE5005829CD /* DSTextStorage.m in Sources */ = {isa = PBXBuildFile; fileRef = 68B3711B1F341BE5005829CD /* DSTextStorage.m */; };
		68B3711F1F341BF9005829CD /* DSLayoutManager.m in Sources */ = {isa = PBXBuildFile; fileRef = 68B3711E1F341BF9005829CD /* DSLayoutManager.m */; };
		68B371221F341C0C005829CD /* DSTextContainer.m in Sources */ = {isa = PBXBuildFile; fileRef = 68B371211F341C0C005829CD /* DSTextContainer.m */; };
/* End PBXBuildFile section */

/* Begin PBXFileReference section */
		68A35B441F318018001BCBE4 /* TextKitDemo.app */ = {isa = PBXFileReference; explicitFileType = wrapper.application; includeInIndex = 0; path = TextKitDemo.app; sourceTree = BUILT_PRODUCTS_DIR; };
		68A35B481F318018001BCBE4 /* main.m */ = {isa = PBXFileReference; lastKnownFileType = sourcecode.c.objc; path = main.m; sourceTree = "<group>"; };
		68A35B4A1F318018001BCBE4 /* AppDelegate.h */ = {isa = PBXFileReference; lastKnownFileType = sourcecode.c.h; path = AppDelegate.h; sourceTree = "<group>"; };
		68A35B4B1F318018001BCBE4 /* AppDelegate.m */ = {isa = PBXFileReference; lastKnownFileType = sourcecode.c.objc; path = AppDelegate.m; sourceTree = "<group>"; };
		68A35B4D1F318018001BCBE4 /* Assets.xcassets */ = {isa = PBXFileReference; lastKnownFileType = folder.assetcatalog; path = Assets.xcassets; sourceTree = "<group>"; };
		68A35B501F318018001BCBE4 /* Base */ = {isa = PBXFileReference; lastKnownFileType = file.storyboard; name = Base; path = Base.lproj/LaunchScreen.storyboard; sourceTree = "<group>"; };
		68A35B521F318018001BCBE4 /* Info.plist */ = {isa = PBXFileReference; lastKnownFileType = text.plist.xml; path = Info.plist; sourceTree = "<group>"; };
		68A35B581F318029001BCBE4 /* MainViewController.h */ = {isa = PBXFileReference; fileEncoding = 4; lastKnownFileType = sourcecode.c.h; path = MainViewController.h; sourceTree = "<group>"; };
		68A35B591F318029001BCBE4 /* MainViewController.m */ = {isa = PBXFileReference; fileEncoding = 4; lastKnownFileType = sourcecode.c.objc; path = MainViewController.m; sourceTree = "<group>"; };
		68B3711A1F341BE5005829CD /* DSTextStorage.h */ = {isa = PBXFileReference; fileEncoding = 4; lastKnownFileType = sourcecode.c.h; path = DSTextStorage.h; sourceTree = "<group>"; };
		68B3711B1F341BE5005829CD /* DSTextStorage.m */ = {isa = PBXFileReference; fileEncoding = 4; lastKnownFileType = sourcecode.c.objc; path = DSTextStorage.m; sourceTree = "<group>"; };
		68B3711D1F341BF9005829CD /* DSLayoutManager.h */ = {isa = PBXFileReference; fileEncoding = 4; lastKnownFileType = sourcecode.c.h; path = DSLayoutManager.h; sourceTree = "<group>"; };
		68B3711E1F341BF9005829CD /* DSLayoutManager.m */ = {isa = PBXFileReference; fileEncoding = 4; lastKnownFileType = sourcecode.c.objc; path = DSLayoutManager.m; sourceTree = "<group>"; };
		68B371201F341C0C005829CD /* DSTextContainer.h */ = {isa = PBXFileReference; fileEncoding = 4; lastKnownFileType = sourcecode.c.h; path = DSTextContainer.h; sourceTree = "<group>"; };
		68B371211F341C0C005829CD /* DSTextContainer.m */ = {isa = PBXFileReference; fileEncoding = 4; lastKnownFileType = sourcecode.c.objc; path = DSTextContainer.m; sourceTree = "<group>"; };
/* End PBXFileReference section */

/* Begin PBXFrameworksBuildPhase section */
		68A35B411F318018001BCBE4 /* Frameworks */ = {
			isa = PBXFrameworksBuildPhase;
			buildActionMask = 2147483647;
			files = (
			);
			runOnlyForDeploymentPostprocessing = 0;
		};
/* End PBXFrameworksBuildPhase section */

/* Begin PBXGroup section */
		68A35B3B1F318018001BCBE4 = {
			isa = PBXGroup;
			children = (
				68A35B461F318018001BCBE4 /* TextKitDemo */,
				68A35B451F318018001BCBE4 /* Products */,
			);
			sourceTree = "<group>";
		};
		68A35B451F318018001BCBE4 /* Products */ = {
			isa = PBXGroup;
			children = (
				68A35B441F318018001BCBE4 /* TextKitDemo.app */,
			);
			name = Products;
			sourceTree = "<group>";
		};
		68A35B461F318018001BCBE4 /* TextKitDemo */ = {
			isa = PBXGroup;
			children = (
				68A35B4A1F318018001BCBE4 /* AppDelegate.h */,
				68A35B4B1F318018001BCBE4 /* AppDelegate.m */,
				68A35B581F318029001BCBE4 /* MainViewController.h */,
				68A35B591F318029001BCBE4 /* MainViewController.m */,
				68B3711A1F341BE5005829CD /* DSTextStorage.h */,
				68B3711B1F341BE5005829CD /* DSTextStorage.m */,
				68B3711D1F341BF9005829CD /* DSLayoutManager.h */,
				68B3711E1F341BF9005829CD /* DSLayoutManager.m */,
				68B371201F341C0C005829CD /* DSTextContainer.h */,
				68B371211F341C0C005829CD /* DSTextContainer.m */,
				68A35B4D1F318018001BCBE4 /* Assets.xcassets */,
				68A35B4F1F318018001BCBE4 /* LaunchScreen.storyboard */,
				68A35B521F318018001BCBE4 /* Info.plist */,
				68A35B471F318018001BCBE4 /* Supporting Files */,
			);
			path = TextKitDemo;
			sourceTree = "<group>";
		};
		68A35B471F318018001BCBE4 /* Supporting Files */ = {
			isa = PBXGroup;
			children = (
				68A35B481F318018001BCBE4 /* main.m */,
			);
			name = "Supporting Files";
			sourceTree = "<group>";
		};
/* End PBXGroup section */

/* Begin PBXNativeTarget section */
		68A35B431F318018001BCBE4 /* TextKitDemo */ = {
			isa = PBXNativeTarget;
			buildConfigurationList = 68A35B551F318018001BCBE4 /* Build configuration list for PBXNativeTarget "TextKitDemo" */;
			buildPhases = (
				68A35B401F318018001BCBE4 /* Sources */,
				68A35B411F318018001BCBE4 /* Frameworks */,
				68A35B421F318018001BCBE4 /* Resources */,
			);
			buildRules = (
			);
			dependencies = (
			);
			name = TextKitDemo;
			productName = TextKitDemo;
			productReference = 68A35B441F318018001BCBE4 /* TextKitDemo.app */;
			productType = "com.apple.product-type.application";
		};
/* End PBXNativeTarget section */

/* Begin PBXProject section */
		68A35B3C1F318018001BCBE4 /* Project object */ = {
			isa = PBXProject;
			attributes = {
				LastUpgradeCheck = 0830;
				ORGANIZATIONNAME = WillHan;
				TargetAttributes = {
					68A35B431F318018001BCBE4 = {
						CreatedOnToolsVersion = 8.3.2;
						ProvisioningStyle = Automatic;
					};
				};
			};
			buildConfigurationList = 68A35B3F1F318018001BCBE4 /* Build configuration list for PBXProject "TextKitDemo" */;
			compatibilityVersion = "Xcode 3.2";
			developmentRegion = English;
			hasScannedForEncodings = 0;
			knownRegions = (
				en,
				Base,
			);
			mainGroup = 68A35B3B1F318018001BCBE4;
			productRefGroup = 68A35B451F318018001BCBE4 /* Products */;
			projectDirPath = "";
			projectRoot = "";
			targets = (
				68A35B431F318018001BCBE4 /* TextKitDemo */,
			);
		};
/* End PBXProject section */

/* Begin PBXResourcesBuildPhase section */
		68A35B421F318018001BCBE4 /* Resources */ = {
			isa = PBXResourcesBuildPhase;
			buildActionMask = 2147483647;
			files = (
				68A35B4E1F318018001BCBE4 /* Assets.xcassets in Resources */,
				68A35B511F318018001BCBE4 /* LaunchScreen.storyboard in Resources */,
			);
			runOnlyForDeploymentPostprocessing = 0;
		};
/* End PBXResourcesBuildPhase section */

/* Begin PBXSourcesBuildPhase section */
		68A35B401F318018001BCBE4 /* Sources */ = {
			isa = PBXSourcesBuildPhase;
			buildActionMask = 2147483647;
			files = (
				68B3711F1F341BF9005829CD /* DSLayoutManager.m in Sources */,
				68B371221F341C0C005829CD /* DSTextContainer.m in Sources */,
				68A35B4C1F318018001BCBE4 /* AppDelegate.m in Sources */,
				68A35B5A1F318029001BCBE4 /* MainViewController.m in Sources */,
				68A35B491F318018001BCBE4 /* main.m in Sources */,
				68B3711C1F341BE5005829CD /* DSTextStorage.m in Sources */,
			);
			runOnlyForDeploymentPostprocessing = 0;
		};
/* End PBXSourcesBuildPhase section */

/* Begin PBXVariantGroup section */
		68A35B4F1F318018001BCBE4 /* LaunchScreen.storyboard */ = {
			isa = PBXVariantGroup;
			children = (
				68A35B501F318018001BCBE4 /* Base */,
			);
			name = LaunchScreen.storyboard;
			sourceTree = "<group>";
		};
/* End PBXVariantGroup section */

/* Begin XCBuildConfiguration section */
		68A35B531F318018001BCBE4 /* Debug */ = {
			isa = XCBuildConfiguration;
			buildSettings = {
				ALWAYS_SEARCH_USER_PATHS = NO;
				CLANG_ANALYZER_NONNULL = YES;
				CLANG_ANALYZER_NUMBER_OBJECT_CONVERSION = YES_AGGRESSIVE;
				CLANG_CXX_LANGUAGE_STANDARD = "gnu++0x";
				CLANG_CXX_LIBRARY = "libc++";
				CLANG_ENABLE_MODULES = YES;
				CLANG_ENABLE_OBJC_ARC = YES;
				CLANG_WARN_BOOL_CONVERSION = YES;
				CLANG_WARN_CONSTANT_CONVERSION = YES;
				CLANG_WARN_DIRECT_OBJC_ISA_USAGE = YES_ERROR;
				CLANG_WARN_DOCUMENTATION_COMMENTS = YES;
				CLANG_WARN_EMPTY_BODY = YES;
				CLANG_WARN_ENUM_CONVERSION = YES;
				CLANG_WARN_INFINITE_RECURSION = YES;
				CLANG_WARN_INT_CONVERSION = YES;
				CLANG_WARN_OBJC_ROOT_CLASS = YES_ERROR;
				CLANG_WARN_SUSPICIOUS_MOVE = YES;
				CLANG_WARN_UNREACHABLE_CODE = YES;
				CLANG_WARN__DUPLICATE_METHOD_MATCH = YES;
				"CODE_SIGN_IDENTITY[sdk=iphoneos*]" = "iPhone Developer";
				COPY_PHASE_STRIP = NO;
				DEBUG_INFORMATION_FORMAT = dwarf;
				ENABLE_STRICT_OBJC_MSGSEND = YES;
				ENABLE_TESTABILITY = YES;
				GCC_C_LANGUAGE_STANDARD = gnu99;
				GCC_DYNAMIC_NO_PIC = NO;
				GCC_NO_COMMON_BLOCKS = YES;
				GCC_OPTIMIZATION_LEVEL = 0;
				GCC_PREPROCESSOR_DEFINITIONS = (
					"DEBUG=1",
					"$(inherited)",
				);
				GCC_WARN_64_TO_32_BIT_CONVERSION = YES;
				GCC_WARN_ABOUT_RETURN_TYPE = YES_ERROR;
				GCC_WARN_UNDECLARED_SELECTOR = YES;
				GCC_WARN_UNINITIALIZED_AUTOS = YES_AGGRESSIVE;
				GCC_WARN_UNUSED_FUNCTION = YES;
				GCC_WARN_UNUSED_VARIABLE = YES;
				IPHONEOS_DEPLOYMENT_TARGET = 10.3;
				MTL_ENABLE_DEBUG_INFO = YES;
				ONLY_ACTIVE_ARCH = YES;
				SDKROOT = iphoneos;
			};
			name = Debug;
		};
		68A35B541F318018001BCBE4 /* Release */ = {
			isa = XCBuildConfiguration;
			buildSettings = {
				ALWAYS_SEARCH_USER_PATHS = NO;
				CLANG_ANALYZER_NONNULL = YES;
				CLANG_ANALYZER_NUMBER_OBJECT_CONVERSION = YES_AGGRESSIVE;
				CLANG_CXX_LANGUAGE_STANDARD = "gnu++0x";
				CLANG_CXX_LIBRARY = "libc++";
				CLANG_ENABLE_MODULES = YES;
				CLANG_ENABLE_OBJC_ARC = YES;
				CLANG_WARN_BOOL_CONVERSION = YES;
				CLANG_WARN_CONSTANT_CONVERSION = YES;
				CLANG_WARN_DIRECT_OBJC_ISA_USAGE = YES_ERROR;
				CLANG_WARN_DOCUMENTATION_COMMENTS = YES;
				CLANG_WARN_EMPTY_BODY = YES;
				CLANG_WARN_ENUM_CONVERSION = YES;
				CLANG_WARN_INFINITE_RECURSION = YES;
				CLANG_WARN_INT_CONVERSION = YES;
				CLANG_WARN_OBJC_ROOT_CLASS = YES_ERROR;
				CLANG_WARN_SUSPICIOUS_MOVE = YES;
				CLANG_WARN_UNREACHABLE_CODE = YES;
				CLANG_WARN__DUPLICATE_METHOD_MATCH = YES;
				"CODE_SIGN_IDENTITY[sdk=iphoneos*]" = "iPhone Developer";
				COPY_PHASE_STRIP = NO;
				DEBUG_INFORMATION_FORMAT = "dwarf-with-dsym";
				ENABLE_NS_ASSERTIONS = NO;
				ENABLE_STRICT_OBJC_MSGSEND = YES;
				GCC_C_LANGUAGE_STANDARD = gnu99;
				GCC_NO_COMMON_BLOCKS = YES;
				GCC_WARN_64_TO_32_BIT_CONVERSION = YES;
				GCC_WARN_ABOUT_RETURN_TYPE = YES_ERROR;
				GCC_WARN_UNDECLARED_SELECTOR = YES;
				GCC_WARN_UNINITIALIZED_AUTOS = YES_AGGRESSIVE;
				GCC_WARN_UNUSED_FUNCTION = YES;
				GCC_WARN_UNUSED_VARIABLE = YES;
				IPHONEOS_DEPLOYMENT_TARGET = 10.3;
				MTL_ENABLE_DEBUG_INFO = NO;
				SDKROOT = iphoneos;
				VALIDATE_PRODUCT = YES;
			};
			name = Release;
		};
		68A35B561F318018001BCBE4 /* Debug */ = {
			isa = XCBuildConfiguration;
			buildSettings = {
				ASSETCATALOG_COMPILER_APPICON_NAME = AppIcon;
				INFOPLIST_FILE = TextKitDemo/Info.plist;
				LD_RUNPATH_SEARCH_PATHS = "$(inherited) @executable_path/Frameworks";
				PRODUCT_BUNDLE_IDENTIFIER = com.willhan.TextKitDemo;
				PRODUCT_NAME = "$(TARGET_NAME)";
			};
			name = Debug;
		};
		68A35B571F318018001BCBE4 /* Release */ = {
			isa = XCBuildConfiguration;
			buildSettings = {
				ASSETCATALOG_COMPILER_APPICON_NAME = AppIcon;
				INFOPLIST_FILE = TextKitDemo/Info.plist;
				LD_RUNPATH_SEARCH_PATHS = "$(inherited) @executable_path/Frameworks";
				PRODUCT_BUNDLE_IDENTIFIER = com.willhan.TextKitDemo;
				PRODUCT_NAME = "$(TARGET_NAME)";
			};
			name = Release;
		};
/* End XCBuildConfiguration section */

/* Begin XCConfigurationList section */
		68A35B3F1F318018001BCBE4 /* Build configuration list for PBXProject "TextKitDemo" */ = {
			isa = XCConfigurationList;
			buildConfigurations = (
				68A35B531F318018001BCBE4 /* Debug */,
				68A35B541F318018001BCBE4 /* Release */,
			);
			defaultConfigurationIsVisible = 0;
			defaultConfigurationName = Release;
		};
		68A35B551F318018001BCBE4 /* Build configuration list for PBXNativeTarget "TextKitDemo" */ = {
			isa = XCConfigurationList;
			buildConfigurations = (
				68A35B561F318018001BCBE4 /* Debug */,
				68A35B571F318018001BCBE4 /* Release */,
			);
			defaultConfigurationIsVisible = 0;
			defaultConfigurationName = Release;
		};
/* End XCConfigurationList section */
	};
	rootObject = 68A35B3C1F318018001BCBE4 /* Project object */;
}
